
Microsoft Visual Studio Solution File, Format Version 12.00
# Visual Studio Version 16
VisualStudioVersion = 16.0.30011.22
MinimumVisualStudioVersion = 10.0.40219.1
Project("{FAE04EC0-301F-11D3-BF4B-00C04F79EFBC}") = "GameMagazin", "GameMagazin\GameMagazin.csproj", "{083E922D-05BB-43E3-903E-0E237A3F9136}"
EndProject
Global
	GlobalSection(SolutionConfigurationPlatforms) = preSolution
		Debug|Any CPU = Debug|Any CPU
		Release|Any CPU = Release|Any CPU
	EndGlobalSection
	GlobalSection(ProjectConfigurationPlatforms) = postSolution
		{083E922D-05BB-43E3-903E-0E237A3F9136}.Debug|Any CPU.ActiveCfg = Debug|Any CPU
		{083E922D-05BB-43E3-903E-0E237A3F9136}.Debug|Any CPU.Build.0 = Debug|Any CPU
		{083E922D-05BB-43E3-903E-0E237A3F9136}.Release|Any CPU.ActiveCfg = Release|Any CPU
		{083E922D-05BB-43E3-903E-0E237A3F9136}.Release|Any CPU.Build.0 = Release|Any CPU
	EndGlobalSection
	GlobalSection(SolutionProperties) = preSolution
		HideSolutionNode = FALSE
	EndGlobalSection
	GlobalSection(ExtensibilityGlobals) = postSolution
		SolutionGuid = {706D3ABC-33F8-4ECB-880A-EF1567B4B5C2}
	EndGlobalSection
EndGlobal
